{
  "nodes": {
    "haven-desktop": {
      "flake": false,
      "locked": {
        "lastModified": 1789519033,
        "narHash": "sha256-bUDa2Ef99ohsZyx7USJW3WQEqfDk7IlBFx8uAdr9aMo=",
        "owner": "ancsemi",
        "repo": "Haven-Desktop",
        "rev": "67627f067fe5852367bac0a29d5f7f8b3eba6cbe",
        "type": "github"
      },
      "original": {
        "owner": "ancsemi",
        "repo": "Haven-Desktop",
        "type": "github"
      }
    },
    "nixpkgs": {
      "locked": {
        "lastModified": 1788752844,
        "narHash": "sha256-VaWGJ6+cIYN2erfSecbRV+4ljI185Ty2wUrXyvQbgOw=",
        "owner": "NixOS",
        "repo": "nixpkgs",
        "rev": "dc5d91f840324650bac8c379428c7037a416959a",
        "type": "github"
      },
      "original": {
        "owner": "NixOS",
        "ref": "nixos-unstable",
        "repo": "nixpkgs",
        "type": "github"
      }
    },
    "root": {
      "inputs": {
        "haven-desktop": "haven-desktop",
        "nixpkgs": "nixpkgs"
      }
    }
  },
  "root": "root",
  "version": 7
}
