{
  "nodes": {
    "haven-desktop": {
      "flake": false,
      "locked": {
        "lastModified": 1791663311,
        "narHash": "sha256-sTCq1czs0RygyQlVklpLCAWW+r7oRQ2bL+Y7wH5+o9Q=",
        "owner": "ancsemi",
        "repo": "Haven-Desktop",
        "rev": "2a29ba5ab26b19dcc6c771c05349d5051e45eb66",
        "type": "github"
      },
      "original": {
        "owner": "ancsemi",
        "repo": "Haven-Desktop",
        "type": "github"
      }
    },
    "nixpkgs": {
      "locked": {
        "lastModified": 1788752844,
        "narHash": "sha256-VaWGJ6+cIYN2erfSecbRV+4ljI185Ty2wUrXyvQbgOw=",
        "owner": "NixOS",
        "repo": "nixpkgs",
        "rev": "dc5d91f840324650bac8c379428c7037a416959a",
        "type": "github"
      },
      "original": {
        "owner": "NixOS",
        "ref": "nixos-unstable",
        "repo": "nixpkgs",
        "type": "github"
      }
    },
    "root": {
      "inputs": {
        "haven-desktop": "haven-desktop",
        "nixpkgs": "nixpkgs"
      }
    }
  },
  "root": "root",
  "version": 7
}
