{
  "nodes": {
    "haven-desktop": {
      "flake": false,
      "locked": {
        "lastModified": 1789189031,
        "narHash": "sha256-mkpRkUJDhJ7zCHeJ4cbfyqr/wfMMm0uOEKreUbd9M5g=",
        "owner": "ancsemi",
        "repo": "Haven-Desktop",
        "rev": "ce3818234f9c75253a862526a0d56ccf6847cfe8",
        "type": "github"
      },
      "original": {
        "owner": "ancsemi",
        "repo": "Haven-Desktop",
        "type": "github"
      }
    },
    "nixpkgs": {
      "locked": {
        "lastModified": 1788752844,
        "narHash": "sha256-VaWGJ6+cIYN2erfSecbRV+4ljI185Ty2wUrXyvQbgOw=",
        "owner": "NixOS",
        "repo": "nixpkgs",
        "rev": "dc5d91f840324650bac8c379428c7037a416959a",
        "type": "github"
      },
      "original": {
        "owner": "NixOS",
        "ref": "nixos-unstable",
        "repo": "nixpkgs",
        "type": "github"
      }
    },
    "root": {
      "inputs": {
        "haven-desktop": "haven-desktop",
        "nixpkgs": "nixpkgs"
      }
    }
  },
  "root": "root",
  "version": 7
}
